{
  "name": "turso",
  "lockfileVersion": 3,
  "requires": true,
  "packages": {
    "": {
      "dependencies": {
        "turso": "^0.1.0"
      }
    },
    "node_modules/turso": {
      "version": "0.1.0",
      "resolved": "https://registry.npmjs.org/turso/-/turso-0.1.0.tgz",
      "integrity": "sha512-gM6zaKIQA35QoujeknL1oNFjgduei9sgVRrKc9XRSG1P+VAUAQzfKJGlLQqcnsHFh+a1kqRV16gI/mCvyEJS1Q=="
    }
  }
}
